{
  "nodes": {
    "flake-utils": {
      "locked": {
        "lastModified": 1652776076,
        "narHash": "sha256-gzTw/v1vj4dOVbpBSJX4J0DwUR6LIyXo7/SuuTJp1kM=",
        "owner": "numtide",
        "repo": "flake-utils",
        "rev": "04c1b180862888302ddfb2e3ad9eaa63afc60cf8",
        "type": "github"
      },
      "original": {
        "owner": "numtide",
        "ref": "v1.0.0",
        "repo": "flake-utils",
        "type": "github"
      }
    },
    "nixos": {
      "locked": {
        "lastModified": 1688939073,
        "narHash": "sha256-jYhYjeK5s6k8QS3i+ovq9VZqBJaWbxm7awTKNhHL9d0=",
        "owner": "NixOS",
        "repo": "nixpkgs",
        "rev": "8df7a67abaf8aefc8a2839e0b48f92fdcf69a38b",
        "type": "github"
      },
      "original": {
        "owner": "NixOS",
        "ref": "nixos-23.05",
        "repo": "nixpkgs",
        "type": "github"
      }
    },
    "pythoneda-artifact-changes": {
      "inputs": {
        "flake-utils": [
          "flake-utils"
        ],
        "nixos": [
          "nixos"
        ],
        "pythoneda-artifact-event-changes": [
          "pythoneda-artifact-event-changes"
        ],
        "pythoneda-base": [
          "pythoneda-base"
        ],
        "pythoneda-shared-git": [
          "pythoneda-shared-git"
        ]
      },
      "locked": {
        "lastModified": 1689094853,
        "narHash": "sha256-8i8D1RfrwFdZwF5gsZvDMAAH5H7GyHd+EZJtCgM2qXc=",
        "owner": "pythoneda-artifact",
        "repo": "changes",
        "rev": "b505d0fdfe8331c3ae61ad2f04434e0dec874477",
        "type": "github"
      },
      "original": {
        "owner": "pythoneda-artifact",
        "ref": "0.0.1a1",
        "repo": "changes",
        "type": "github"
      }
    },
    "pythoneda-artifact-event-changes": {
      "inputs": {
        "flake-utils": [
          "flake-utils"
        ],
        "nixos": [
          "nixos"
        ],
        "pythoneda-artifact-shared-changes": "pythoneda-artifact-shared-changes",
        "pythoneda-base": [
          "pythoneda-base"
        ]
      },
      "locked": {
        "lastModified": 1689092331,
        "narHash": "sha256-+pbmhdYvY5UxWHHkTq8qqK5gh7VWTzPZv9cgE3ISZdU=",
        "owner": "pythoneda-artifact-event",
        "repo": "changes",
        "rev": "ee3425f6f6e9ff0ed5d74bee46a9829b276df210",
        "type": "github"
      },
      "original": {
        "owner": "pythoneda-artifact-event",
        "ref": "0.0.1a1",
        "repo": "changes",
        "type": "github"
      }
    },
    "pythoneda-artifact-event-infrastructure-changes": {
      "inputs": {
        "flake-utils": [
          "flake-utils"
        ],
        "nixos": [
          "nixos"
        ],
        "pythoneda-artifact-event-changes": [
          "pythoneda-artifact-event-changes"
        ],
        "pythoneda-base": [
          "pythoneda-base"
        ]
      },
      "locked": {
        "lastModified": 1689093909,
        "narHash": "sha256-nKdABRjzOJJnoXF2+VwLXf9Rdp9CgOLSlxl514jFUCY=",
        "owner": "pythoneda-artifact-event-infrastructure",
        "repo": "changes",
        "rev": "7f2c2fa985d3584193940b80830e04ed5d4ba9bd",
        "type": "github"
      },
      "original": {
        "owner": "pythoneda-artifact-event-infrastructure",
        "ref": "0.0.1a1",
        "repo": "changes",
        "type": "github"
      }
    },
    "pythoneda-artifact-shared-changes": {
      "inputs": {
        "flake-utils": [
          "pythoneda-artifact-event-changes",
          "flake-utils"
        ],
        "nixos": [
          "pythoneda-artifact-event-changes",
          "nixos"
        ],
        "pythoneda-base": [
          "pythoneda-artifact-event-changes",
          "pythoneda-base"
        ]
      },
      "locked": {
        "lastModified": 1689091755,
        "narHash": "sha256-bp4QplUEZNYv2pj/cSBXzso4UFVCvf37cb8DaD2w13U=",
        "owner": "pythoneda-artifact-shared",
        "repo": "changes",
        "rev": "638f67c43b7478ec5a3abbccdb57a40c0c0f3e66",
        "type": "github"
      },
      "original": {
        "owner": "pythoneda-artifact-shared",
        "ref": "0.0.1a1",
        "repo": "changes",
        "type": "github"
      }
    },
    "pythoneda-base": {
      "inputs": {
        "flake-utils": [
          "flake-utils"
        ],
        "nixos": [
          "nixos"
        ]
      },
      "locked": {
        "lastModified": 1688919593,
        "narHash": "sha256-YYkksOzpiLcnVrkthu8tWMsVQX25T3FTlr3y+ora4Ws=",
        "owner": "pythoneda",
        "repo": "base",
        "rev": "ffe32af1ed70d2070fd3b6b23e1e7579abeafe55",
        "type": "github"
      },
      "original": {
        "owner": "pythoneda",
        "ref": "0.0.1a16",
        "repo": "base",
        "type": "github"
      }
    },
    "pythoneda-infrastructure-base": {
      "inputs": {
        "flake-utils": [
          "flake-utils"
        ],
        "nixos": [
          "nixos"
        ],
        "pythoneda-base": [
          "pythoneda-base"
        ]
      },
      "locked": {
        "lastModified": 1687788166,
        "narHash": "sha256-l+9hmSpMpfpA9kFISHbvS9hUlZ7BhqtoS+gUNsg39Io=",
        "owner": "pythoneda-infrastructure",
        "repo": "base",
        "rev": "6e895d55356952cd93924ad36d5c7510f71f568e",
        "type": "github"
      },
      "original": {
        "owner": "pythoneda-infrastructure",
        "ref": "0.0.1a12",
        "repo": "base",
        "type": "github"
      }
    },
    "pythoneda-shared-git": {
      "inputs": {
        "flake-utils": [
          "flake-utils"
        ],
        "nixos": [
          "nixos"
        ],
        "pythoneda-base": [
          "pythoneda-base"
        ]
      },
      "locked": {
        "lastModified": 1688917907,
        "narHash": "sha256-ZSDFv4jG+LVGsqppYb8LAhwIxruQ1nyOdc/Rdlm5DlM=",
        "owner": "pythoneda-shared",
        "repo": "git",
        "rev": "64c6a6d8759af6ab75428920a886f127f5a57aa9",
        "type": "github"
      },
      "original": {
        "owner": "pythoneda-shared",
        "ref": "0.0.1a3",
        "repo": "git",
        "type": "github"
      }
    },
    "root": {
      "inputs": {
        "flake-utils": "flake-utils",
        "nixos": "nixos",
        "pythoneda-artifact-changes": "pythoneda-artifact-changes",
        "pythoneda-artifact-event-changes": "pythoneda-artifact-event-changes",
        "pythoneda-artifact-event-infrastructure-changes": "pythoneda-artifact-event-infrastructure-changes",
        "pythoneda-base": "pythoneda-base",
        "pythoneda-infrastructure-base": "pythoneda-infrastructure-base",
        "pythoneda-shared-git": "pythoneda-shared-git"
      }
    }
  },
  "root": "root",
  "version": 7
}
